
Microsoft Visual Studio Solution File, Format Version 12.00
# Visual Studio Version 17
VisualStudioVersion = 17.14.36518.9 d17.14
MinimumVisualStudioVersion = 10.0.40219.1
Project("{FAE04EC0-301F-11D3-BF4B-00C04F79EFBC}") = "AudioBookPlayer", "AudioBookPlayer\AudioBookPlayer.csproj", "{D8AC201F-E291-43BE-93DD-B2318F0ED5B4}"
EndProject
Global
	GlobalSection(SolutionConfigurationPlatforms) = preSolution
		Debug|Any CPU = Debug|Any CPU
		Release|Any CPU = Release|Any CPU
	EndGlobalSection
	GlobalSection(ProjectConfigurationPlatforms) = postSolution
		{D8AC201F-E291-43BE-93DD-B2318F0ED5B4}.Debug|Any CPU.ActiveCfg = Debug|Any CPU
		{D8AC201F-E291-43BE-93DD-B2318F0ED5B4}.Debug|Any CPU.Build.0 = Debug|Any CPU
		{D8AC201F-E291-43BE-93DD-B2318F0ED5B4}.Release|Any CPU.ActiveCfg = Release|Any CPU
		{D8AC201F-E291-43BE-93DD-B2318F0ED5B4}.Release|Any CPU.Build.0 = Release|Any CPU
	EndGlobalSection
	GlobalSection(SolutionProperties) = preSolution
		HideSolutionNode = FALSE
	EndGlobalSection
	GlobalSection(ExtensibilityGlobals) = postSolution
		SolutionGuid = {2D66CD7E-52DB-4A22-9A45-3ADB44CD4B06}
	EndGlobalSection
EndGlobal
